
Microsoft Visual Studio Solution File, Format Version 12.00
# Visual Studio Version 17
VisualStudioVersion = 17.0.31903.59
MinimumVisualStudioVersion = 10.0.40219.1
Project("{FAE04EC0-301F-11D3-BF4B-00C04F79EFBC}") = "Weight on Planets", "Weight on Planets\Weight on Planets.csproj", "{DCA407EB-6E89-49F3-8DF8-56799B34AE20}"
EndProject
Global
	GlobalSection(SolutionConfigurationPlatforms) = preSolution
		Debug|Any CPU = Debug|Any CPU
		Release|Any CPU = Release|Any CPU
	EndGlobalSection
	GlobalSection(ProjectConfigurationPlatforms) = postSolution
		{DCA407EB-6E89-49F3-8DF8-56799B34AE20}.Debug|Any CPU.ActiveCfg = Debug|Any CPU
		{DCA407EB-6E89-49F3-8DF8-56799B34AE20}.Debug|Any CPU.Build.0 = Debug|Any CPU
		{DCA407EB-6E89-49F3-8DF8-56799B34AE20}.Release|Any CPU.ActiveCfg = Release|Any CPU
		{DCA407EB-6E89-49F3-8DF8-56799B34AE20}.Release|Any CPU.Build.0 = Release|Any CPU
	EndGlobalSection
	GlobalSection(SolutionProperties) = preSolution
		HideSolutionNode = FALSE
	EndGlobalSection
	GlobalSection(ExtensibilityGlobals) = postSolution
		SolutionGuid = {84310EB4-C9DC-4FB2-9BC5-B3485F4A2DD5}
	EndGlobalSection
EndGlobal
